// !$*UTF8*$!
{
	archiveVersion = 1;
	classes = {
	};
	objectVersion = 55;
	objects = {

/* Begin PBXBuildFile section */
		9F015C2027398A7700319A94 /* LaunchScreen.storyboard in Resources */ = {isa = PBXBuildFile; fileRef = 9F015C1F27398A7600319A94 /* LaunchScreen.storyboard */; };
		9F015C2327398E1F00319A94 /* CardRow.swift in Sources */ = {isa = PBXBuildFile; fileRef = 9F015C2227398E1F00319A94 /* CardRow.swift */; };
		9F015C2427398E1F00319A94 /* CardRow.swift in Sources */ = {isa = PBXBuildFile; fileRef = 9F015C2227398E1F00319A94 /* CardRow.swift */; };
		9F1EE75F273E1EEA00A7D02C /* CardEditorView.swift in Sources */ = {isa = PBXBuildFile; fileRef = 9F1EE75E273E1EEA00A7D02C /* CardEditorView.swift */; };
		9F1EE760273E1EEA00A7D02C /* CardEditorView.swift in Sources */ = {isa = PBXBuildFile; fileRef = 9F1EE75E273E1EEA00A7D02C /* CardEditorView.swift */; };
		9F1EE762273E230D00A7D02C /* CardEditorTitle.swift in Sources */ = {isa = PBXBuildFile; fileRef = 9F1EE761273E230D00A7D02C /* CardEditorTitle.swift */; };
		9F1EE763273E230D00A7D02C /* CardEditorTitle.swift in Sources */ = {isa = PBXBuildFile; fileRef = 9F1EE761273E230D00A7D02C /* CardEditorTitle.swift */; };
		9F3C1A2C2736FAB000B43CB8 /* CloudKit.framework in Frameworks */ = {isa = PBXBuildFile; fileRef = 9F3C1A2B2736FAB000B43CB8 /* CloudKit.framework */; };
		9F3C1A2E2736FABE00B43CB8 /* CloudKit.framework in Frameworks */ = {isa = PBXBuildFile; fileRef = 9F3C1A2D2736FABE00B43CB8 /* CloudKit.framework */; };
		9F3C1A362736FF2400B43CB8 /* ContactCardMO.swift in Sources */ = {isa = PBXBuildFile; fileRef = 9F3C1A352736FF2400B43CB8 /* ContactCardMO.swift */; };
		9F3C1A372736FF2400B43CB8 /* ContactCardMO.swift in Sources */ = {isa = PBXBuildFile; fileRef = 9F3C1A352736FF2400B43CB8 /* ContactCardMO.swift */; };
		9F3C1A3B2737055700B43CB8 /* ContactCards.xcdatamodeld in Sources */ = {isa = PBXBuildFile; fileRef = 9F3C1A382737055700B43CB8 /* ContactCards.xcdatamodeld */; };
		9F3C1A3C2737055700B43CB8 /* ContactCards.xcdatamodeld in Sources */ = {isa = PBXBuildFile; fileRef = 9F3C1A382737055700B43CB8 /* ContactCards.xcdatamodeld */; };
		9F4C9B842736E4EB00936EF3 /* LoadPersistentContainer.swift in Sources */ = {isa = PBXBuildFile; fileRef = 9F4C9B832736E4EB00936EF3 /* LoadPersistentContainer.swift */; };
		9F4C9B852736E4EB00936EF3 /* LoadPersistentContainer.swift in Sources */ = {isa = PBXBuildFile; fileRef = 9F4C9B832736E4EB00936EF3 /* LoadPersistentContainer.swift */; };
		9F73C4E127362E9D0095A979 /* Tests_iOS.swift in Sources */ = {isa = PBXBuildFile; fileRef = 9F73C4E027362E9D0095A979 /* Tests_iOS.swift */; };
		9F73C4E327362E9D0095A979 /* Tests_iOSLaunchTests.swift in Sources */ = {isa = PBXBuildFile; fileRef = 9F73C4E227362E9D0095A979 /* Tests_iOSLaunchTests.swift */; };
		9F73C4ED27362E9D0095A979 /* Tests_macOS.swift in Sources */ = {isa = PBXBuildFile; fileRef = 9F73C4EC27362E9D0095A979 /* Tests_macOS.swift */; };
		9F73C4EF27362E9D0095A979 /* Tests_macOSLaunchTests.swift in Sources */ = {isa = PBXBuildFile; fileRef = 9F73C4EE27362E9D0095A979 /* Tests_macOSLaunchTests.swift */; };
		9F73C4F227362E9D0095A979 /* ContactCardsApp.swift in Sources */ = {isa = PBXBuildFile; fileRef = 9F73C4C727362E9B0095A979 /* ContactCardsApp.swift */; };
		9F73C4F327362E9D0095A979 /* ContactCardsApp.swift in Sources */ = {isa = PBXBuildFile; fileRef = 9F73C4C727362E9B0095A979 /* ContactCardsApp.swift */; };
		9F73C4F427362E9D0095A979 /* ContentView.swift in Sources */ = {isa = PBXBuildFile; fileRef = 9F73C4C827362E9B0095A979 /* ContentView.swift */; };
		9F73C4F527362E9D0095A979 /* ContentView.swift in Sources */ = {isa = PBXBuildFile; fileRef = 9F73C4C827362E9B0095A979 /* ContentView.swift */; };
		9F73C4F627362E9D0095A979 /* PersistenceController.swift in Sources */ = {isa = PBXBuildFile; fileRef = 9F73C4C927362E9B0095A979 /* PersistenceController.swift */; };
		9F73C4F727362E9D0095A979 /* PersistenceController.swift in Sources */ = {isa = PBXBuildFile; fileRef = 9F73C4C927362E9B0095A979 /* PersistenceController.swift */; };
		9F73C4F827362E9D0095A979 /* Assets.xcassets in Resources */ = {isa = PBXBuildFile; fileRef = 9F73C4CA27362E9D0095A979 /* Assets.xcassets */; };
		9F73C4F927362E9D0095A979 /* Assets.xcassets in Resources */ = {isa = PBXBuildFile; fileRef = 9F73C4CA27362E9D0095A979 /* Assets.xcassets */; };
		9FA54105273D9D6F005B9B72 /* AddOrEditCardSheet.swift in Sources */ = {isa = PBXBuildFile; fileRef = 9FA54104273D9D6F005B9B72 /* AddOrEditCardSheet.swift */; };
		9FA54106273D9D6F005B9B72 /* AddOrEditCardSheet.swift in Sources */ = {isa = PBXBuildFile; fileRef = 9FA54104273D9D6F005B9B72 /* AddOrEditCardSheet.swift */; };
/* End PBXBuildFile section */

/* Begin PBXContainerItemProxy section */
		9F73C4DD27362E9D0095A979 /* PBXContainerItemProxy */ = {
			isa = PBXContainerItemProxy;
			containerPortal = 9F73C4C027362E9A0095A979 /* Project object */;
			proxyType = 1;
			remoteGlobalIDString = 9F73C4CE27362E9D0095A979;
			remoteInfo = "Contact Cards (iOS)";
		};
		9F73C4E927362E9D0095A979 /* PBXContainerItemProxy */ = {
			isa = PBXContainerItemProxy;
			containerPortal = 9F73C4C027362E9A0095A979 /* Project object */;
			proxyType = 1;
			remoteGlobalIDString = 9F73C4D427362E9D0095A979;
			remoteInfo = "Contact Cards (macOS)";
		};
/* End PBXContainerItemProxy section */

/* Begin PBXFileReference section */
		9F015C1F27398A7600319A94 /* LaunchScreen.storyboard */ = {isa = PBXFileReference; fileEncoding = 4; lastKnownFileType = file.storyboard; path = LaunchScreen.storyboard; sourceTree = "<group>"; };
		9F015C2227398E1F00319A94 /* CardRow.swift */ = {isa = PBXFileReference; lastKnownFileType = sourcecode.swift; path = CardRow.swift; sourceTree = "<group>"; };
		9F1EE75E273E1EEA00A7D02C /* CardEditorView.swift */ = {isa = PBXFileReference; lastKnownFileType = sourcecode.swift; path = CardEditorView.swift; sourceTree = "<group>"; };
		9F1EE761273E230D00A7D02C /* CardEditorTitle.swift */ = {isa = PBXFileReference; lastKnownFileType = sourcecode.swift; path = CardEditorTitle.swift; sourceTree = "<group>"; };
		9F2A262B27372305009A2EE0 /* ContactCards 3.xcdatamodel */ = {isa = PBXFileReference; lastKnownFileType = wrapper.xcdatamodel; path = "ContactCards 3.xcdatamodel"; sourceTree = "<group>"; };
		9F3C1A282736F93000B43CB8 /* Contact Cards (macOS)Release.entitlements */ = {isa = PBXFileReference; lastKnownFileType = text.plist.entitlements; path = "Contact Cards (macOS)Release.entitlements"; sourceTree = "<group>"; };
		9F3C1A292736F9CF00B43CB8 /* Contact Cards (iOS)Release.entitlements */ = {isa = PBXFileReference; lastKnownFileType = text.plist.entitlements; path = "Contact Cards (iOS)Release.entitlements"; sourceTree = "<group>"; };
		9F3C1A2B2736FAB000B43CB8 /* CloudKit.framework */ = {isa = PBXFileReference; lastKnownFileType = wrapper.framework; name = CloudKit.framework; path = System/Library/Frameworks/CloudKit.framework; sourceTree = SDKROOT; };
		9F3C1A2D2736FABE00B43CB8 /* CloudKit.framework */ = {isa = PBXFileReference; lastKnownFileType = wrapper.framework; name = CloudKit.framework; path = Platforms/iPhoneOS.platform/Developer/SDKs/iPhoneOS15.0.sdk/System/Library/Frameworks/CloudKit.framework; sourceTree = DEVELOPER_DIR; };
		9F3C1A2F2736FB8500B43CB8 /* Contact Cards (iOS)Debug.entitlements */ = {isa = PBXFileReference; lastKnownFileType = text.plist.entitlements; path = "Contact Cards (iOS)Debug.entitlements"; sourceTree = "<group>"; };
		9F3C1A352736FF2400B43CB8 /* ContactCardMO.swift */ = {isa = PBXFileReference; fileEncoding = 4; lastKnownFileType = sourcecode.swift; path = ContactCardMO.swift; sourceTree = "<group>"; };
		9F3C1A392737055700B43CB8 /* ContactCards 2.xcdatamodel */ = {isa = PBXFileReference; lastKnownFileType = wrapper.xcdatamodel; path = "ContactCards 2.xcdatamodel"; sourceTree = "<group>"; };
		9F3C1A3A2737055700B43CB8 /* ContactCards.xcdatamodel */ = {isa = PBXFileReference; lastKnownFileType = wrapper.xcdatamodel; path = ContactCards.xcdatamodel; sourceTree = "<group>"; };
		9F4C9B832736E4EB00936EF3 /* LoadPersistentContainer.swift */ = {isa = PBXFileReference; lastKnownFileType = sourcecode.swift; path = LoadPersistentContainer.swift; sourceTree = "<group>"; };
		9F73C4C727362E9B0095A979 /* ContactCardsApp.swift */ = {isa = PBXFileReference; lastKnownFileType = sourcecode.swift; path = ContactCardsApp.swift; sourceTree = "<group>"; };
		9F73C4C827362E9B0095A979 /* ContentView.swift */ = {isa = PBXFileReference; lastKnownFileType = sourcecode.swift; path = ContentView.swift; sourceTree = "<group>"; };
		9F73C4C927362E9B0095A979 /* PersistenceController.swift */ = {isa = PBXFileReference; lastKnownFileType = sourcecode.swift; path = PersistenceController.swift; sourceTree = "<group>"; };
		9F73C4CA27362E9D0095A979 /* Assets.xcassets */ = {isa = PBXFileReference; lastKnownFileType = folder.assetcatalog; path = Assets.xcassets; sourceTree = "<group>"; };
		9F73C4CF27362E9D0095A979 /* Contact Cards.app */ = {isa = PBXFileReference; explicitFileType = wrapper.application; includeInIndex = 0; path = "Contact Cards.app"; sourceTree = BUILT_PRODUCTS_DIR; };
		9F73C4D527362E9D0095A979 /* Contact Cards.app */ = {isa = PBXFileReference; explicitFileType = wrapper.application; includeInIndex = 0; path = "Contact Cards.app"; sourceTree = BUILT_PRODUCTS_DIR; };
		9F73C4D727362E9D0095A979 /* macOS.entitlements */ = {isa = PBXFileReference; lastKnownFileType = text.plist.entitlements; path = macOS.entitlements; sourceTree = "<group>"; };
		9F73C4DC27362E9D0095A979 /* Tests iOS.xctest */ = {isa = PBXFileReference; explicitFileType = wrapper.cfbundle; includeInIndex = 0; path = "Tests iOS.xctest"; sourceTree = BUILT_PRODUCTS_DIR; };
		9F73C4E027362E9D0095A979 /* Tests_iOS.swift */ = {isa = PBXFileReference; lastKnownFileType = sourcecode.swift; path = Tests_iOS.swift; sourceTree = "<group>"; };
		9F73C4E227362E9D0095A979 /* Tests_iOSLaunchTests.swift */ = {isa = PBXFileReference; lastKnownFileType = sourcecode.swift; path = Tests_iOSLaunchTests.swift; sourceTree = "<group>"; };
		9F73C4E827362E9D0095A979 /* Tests macOS.xctest */ = {isa = PBXFileReference; explicitFileType = wrapper.cfbundle; includeInIndex = 0; path = "Tests macOS.xctest"; sourceTree = BUILT_PRODUCTS_DIR; };
		9F73C4EC27362E9D0095A979 /* Tests_macOS.swift */ = {isa = PBXFileReference; lastKnownFileType = sourcecode.swift; path = Tests_macOS.swift; sourceTree = "<group>"; };
		9F73C4EE27362E9D0095A979 /* Tests_macOSLaunchTests.swift */ = {isa = PBXFileReference; lastKnownFileType = sourcecode.swift; path = Tests_macOSLaunchTests.swift; sourceTree = "<group>"; };
		9F73C50827362FF60095A979 /* Contact-Cards--iOS--Info.plist */ = {isa = PBXFileReference; lastKnownFileType = text.plist.xml; path = "Contact-Cards--iOS--Info.plist"; sourceTree = "<group>"; };
		9FA54104273D9D6F005B9B72 /* AddOrEditCardSheet.swift */ = {isa = PBXFileReference; lastKnownFileType = sourcecode.swift; path = AddOrEditCardSheet.swift; sourceTree = "<group>"; };
/* End PBXFileReference section */

/* Begin PBXFrameworksBuildPhase section */
		9F73C4CC27362E9D0095A979 /* Frameworks */ = {
			isa = PBXFrameworksBuildPhase;
			buildActionMask = 2147483647;
			files = (
				9F3C1A2E2736FABE00B43CB8 /* CloudKit.framework in Frameworks */,
			);
			runOnlyForDeploymentPostprocessing = 0;
		};
		9F73C4D227362E9D0095A979 /* Frameworks */ = {
			isa = PBXFrameworksBuildPhase;
			buildActionMask = 2147483647;
			files = (
				9F3C1A2C2736FAB000B43CB8 /* CloudKit.framework in Frameworks */,
			);
			runOnlyForDeploymentPostprocessing = 0;
		};
		9F73C4D927362E9D0095A979 /* Frameworks */ = {
			isa = PBXFrameworksBuildPhase;
			buildActionMask = 2147483647;
			files = (
			);
			runOnlyForDeploymentPostprocessing = 0;
		};
		9F73C4E527362E9D0095A979 /* Frameworks */ = {
			isa = PBXFrameworksBuildPhase;
			buildActionMask = 2147483647;
			files = (
			);
			runOnlyForDeploymentPostprocessing = 0;
		};
/* End PBXFrameworksBuildPhase section */

/* Begin PBXGroup section */
		9F015C2127398A8B00319A94 /* iOS */ = {
			isa = PBXGroup;
			children = (
				9F015C1F27398A7600319A94 /* LaunchScreen.storyboard */,
			);
			path = iOS;
			sourceTree = "<group>";
		};
		9F3C1A2A2736FAB000B43CB8 /* Frameworks */ = {
			isa = PBXGroup;
			children = (
				9F3C1A2D2736FABE00B43CB8 /* CloudKit.framework */,
				9F3C1A2B2736FAB000B43CB8 /* CloudKit.framework */,
			);
			name = Frameworks;
			sourceTree = "<group>";
		};
		9F4C9B822736E4C600936EF3 /* Persistence */ = {
			isa = PBXGroup;
			children = (
				9F73C4C927362E9B0095A979 /* PersistenceController.swift */,
				9F4C9B832736E4EB00936EF3 /* LoadPersistentContainer.swift */,
				9F3C1A352736FF2400B43CB8 /* ContactCardMO.swift */,
				9F3C1A382737055700B43CB8 /* ContactCards.xcdatamodeld */,
			);
			path = Persistence;
			sourceTree = "<group>";
		};
		9F73C4BF27362E9A0095A979 = {
			isa = PBXGroup;
			children = (
				9F3C1A2F2736FB8500B43CB8 /* Contact Cards (iOS)Debug.entitlements */,
				9F3C1A292736F9CF00B43CB8 /* Contact Cards (iOS)Release.entitlements */,
				9F3C1A282736F93000B43CB8 /* Contact Cards (macOS)Release.entitlements */,
				9F73C50827362FF60095A979 /* Contact-Cards--iOS--Info.plist */,
				9F73C4C427362E9B0095A979 /* Shared */,
				9F015C2127398A8B00319A94 /* iOS */,
				9F73C4D627362E9D0095A979 /* macOS */,
				9F73C4DF27362E9D0095A979 /* Tests iOS */,
				9F73C4EB27362E9D0095A979 /* Tests macOS */,
				9F73C4D027362E9D0095A979 /* Products */,
				9F3C1A2A2736FAB000B43CB8 /* Frameworks */,
			);
			sourceTree = "<group>";
		};
		9F73C4C427362E9B0095A979 /* Shared */ = {
			isa = PBXGroup;
			children = (
				9F73C4C727362E9B0095A979 /* ContactCardsApp.swift */,
				9F73C4C827362E9B0095A979 /* ContentView.swift */,
				9FA0F285273EF27100042644 /* AddOrEditCard */,
				9FA0F286273EF2B600042644 /* Generic Views */,
				9F4C9B822736E4C600936EF3 /* Persistence */,
				9F73C4CA27362E9D0095A979 /* Assets.xcassets */,
			);
			path = Shared;
			sourceTree = "<group>";
		};
		9F73C4D027362E9D0095A979 /* Products */ = {
			isa = PBXGroup;
			children = (
				9F73C4CF27362E9D0095A979 /* Contact Cards.app */,
				9F73C4D527362E9D0095A979 /* Contact Cards.app */,
				9F73C4DC27362E9D0095A979 /* Tests iOS.xctest */,
				9F73C4E827362E9D0095A979 /* Tests macOS.xctest */,
			);
			name = Products;
			sourceTree = "<group>";
		};
		9F73C4D627362E9D0095A979 /* macOS */ = {
			isa = PBXGroup;
			children = (
				9F73C4D727362E9D0095A979 /* macOS.entitlements */,
			);
			path = macOS;
			sourceTree = "<group>";
		};
		9F73C4DF27362E9D0095A979 /* Tests iOS */ = {
			isa = PBXGroup;
			children = (
				9F73C4E027362E9D0095A979 /* Tests_iOS.swift */,
				9F73C4E227362E9D0095A979 /* Tests_iOSLaunchTests.swift */,
			);
			path = "Tests iOS";
			sourceTree = "<group>";
		};
		9F73C4EB27362E9D0095A979 /* Tests macOS */ = {
			isa = PBXGroup;
			children = (
				9F73C4EC27362E9D0095A979 /* Tests_macOS.swift */,
				9F73C4EE27362E9D0095A979 /* Tests_macOSLaunchTests.swift */,
			);
			path = "Tests macOS";
			sourceTree = "<group>";
		};
		9FA0F285273EF27100042644 /* AddOrEditCard */ = {
			isa = PBXGroup;
			children = (
				9FA54104273D9D6F005B9B72 /* AddOrEditCardSheet.swift */,
				9F1EE75E273E1EEA00A7D02C /* CardEditorView.swift */,
				9F1EE761273E230D00A7D02C /* CardEditorTitle.swift */,
			);
			path = AddOrEditCard;
			sourceTree = "<group>";
		};
		9FA0F286273EF2B600042644 /* Generic Views */ = {
			isa = PBXGroup;
			children = (
				9F015C2227398E1F00319A94 /* CardRow.swift */,
			);
			path = "Generic Views";
			sourceTree = "<group>";
		};
/* End PBXGroup section */

/* Begin PBXNativeTarget section */
		9F73C4CE27362E9D0095A979 /* Contact Cards (iOS) */ = {
			isa = PBXNativeTarget;
			buildConfigurationList = 9F73C4FC27362E9D0095A979 /* Build configuration list for PBXNativeTarget "Contact Cards (iOS)" */;
			buildPhases = (
				9F73C4CB27362E9D0095A979 /* Sources */,
				9F73C4CC27362E9D0095A979 /* Frameworks */,
				9F73C4CD27362E9D0095A979 /* Resources */,
			);
			buildRules = (
			);
			dependencies = (
			);
			name = "Contact Cards (iOS)";
			productName = "Contact Cards (iOS)";
			productReference = 9F73C4CF27362E9D0095A979 /* Contact Cards.app */;
			productType = "com.apple.product-type.application";
		};
		9F73C4D427362E9D0095A979 /* Contact Cards (macOS) */ = {
			isa = PBXNativeTarget;
			buildConfigurationList = 9F73C4FF27362E9D0095A979 /* Build configuration list for PBXNativeTarget "Contact Cards (macOS)" */;
			buildPhases = (
				9F73C4D127362E9D0095A979 /* Sources */,
				9F73C4D227362E9D0095A979 /* Frameworks */,
				9F73C4D327362E9D0095A979 /* Resources */,
			);
			buildRules = (
			);
			dependencies = (
			);
			name = "Contact Cards (macOS)";
			productName = "Contact Cards (macOS)";
			productReference = 9F73C4D527362E9D0095A979 /* Contact Cards.app */;
			productType = "com.apple.product-type.application";
		};
		9F73C4DB27362E9D0095A979 /* Tests iOS */ = {
			isa = PBXNativeTarget;
			buildConfigurationList = 9F73C50227362E9D0095A979 /* Build configuration list for PBXNativeTarget "Tests iOS" */;
			buildPhases = (
				9F73C4D827362E9D0095A979 /* Sources */,
				9F73C4D927362E9D0095A979 /* Frameworks */,
				9F73C4DA27362E9D0095A979 /* Resources */,
			);
			buildRules = (
			);
			dependencies = (
				9F73C4DE27362E9D0095A979 /* PBXTargetDependency */,
			);
			name = "Tests iOS";
			productName = "Tests iOS";
			productReference = 9F73C4DC27362E9D0095A979 /* Tests iOS.xctest */;
			productType = "com.apple.product-type.bundle.ui-testing";
		};
		9F73C4E727362E9D0095A979 /* Tests macOS */ = {
			isa = PBXNativeTarget;
			buildConfigurationList = 9F73C50527362E9D0095A979 /* Build configuration list for PBXNativeTarget "Tests macOS" */;
			buildPhases = (
				9F73C4E427362E9D0095A979 /* Sources */,
				9F73C4E527362E9D0095A979 /* Frameworks */,
				9F73C4E627362E9D0095A979 /* Resources */,
			);
			buildRules = (
			);
			dependencies = (
				9F73C4EA27362E9D0095A979 /* PBXTargetDependency */,
			);
			name = "Tests macOS";
			productName = "Tests macOS";
			productReference = 9F73C4E827362E9D0095A979 /* Tests macOS.xctest */;
			productType = "com.apple.product-type.bundle.ui-testing";
		};
/* End PBXNativeTarget section */

/* Begin PBXProject section */
		9F73C4C027362E9A0095A979 /* Project object */ = {
			isa = PBXProject;
			attributes = {
				BuildIndependentTargetsInParallel = 1;
				LastSwiftUpdateCheck = 1310;
				LastUpgradeCheck = 1310;
				TargetAttributes = {
					9F73C4CE27362E9D0095A979 = {
						CreatedOnToolsVersion = 13.1;
					};
					9F73C4D427362E9D0095A979 = {
						CreatedOnToolsVersion = 13.1;
					};
					9F73C4DB27362E9D0095A979 = {
						CreatedOnToolsVersion = 13.1;
						TestTargetID = 9F73C4CE27362E9D0095A979;
					};
					9F73C4E727362E9D0095A979 = {
						CreatedOnToolsVersion = 13.1;
						TestTargetID = 9F73C4D427362E9D0095A979;
					};
				};
			};
			buildConfigurationList = 9F73C4C327362E9A0095A979 /* Build configuration list for PBXProject "Contact Cards" */;
			compatibilityVersion = "Xcode 13.0";
			developmentRegion = en;
			hasScannedForEncodings = 0;
			knownRegions = (
				en,
				Base,
			);
			mainGroup = 9F73C4BF27362E9A0095A979;
			productRefGroup = 9F73C4D027362E9D0095A979 /* Products */;
			projectDirPath = "";
			projectRoot = "";
			targets = (
				9F73C4CE27362E9D0095A979 /* Contact Cards (iOS) */,
				9F73C4D427362E9D0095A979 /* Contact Cards (macOS) */,
				9F73C4DB27362E9D0095A979 /* Tests iOS */,
				9F73C4E727362E9D0095A979 /* Tests macOS */,
			);
		};
/* End PBXProject section */

/* Begin PBXResourcesBuildPhase section */
		9F73C4CD27362E9D0095A979 /* Resources */ = {
			isa = PBXResourcesBuildPhase;
			buildActionMask = 2147483647;
			files = (
				9F73C4F827362E9D0095A979 /* Assets.xcassets in Resources */,
				9F015C2027398A7700319A94 /* LaunchScreen.storyboard in Resources */,
			);
			runOnlyForDeploymentPostprocessing = 0;
		};
		9F73C4D327362E9D0095A979 /* Resources */ = {
			isa = PBXResourcesBuildPhase;
			buildActionMask = 2147483647;
			files = (
				9F73C4F927362E9D0095A979 /* Assets.xcassets in Resources */,
			);
			runOnlyForDeploymentPostprocessing = 0;
		};
		9F73C4DA27362E9D0095A979 /* Resources */ = {
			isa = PBXResourcesBuildPhase;
			buildActionMask = 2147483647;
			files = (
			);
			runOnlyForDeploymentPostprocessing = 0;
		};
		9F73C4E627362E9D0095A979 /* Resources */ = {
			isa = PBXResourcesBuildPhase;
			buildActionMask = 2147483647;
			files = (
			);
			runOnlyForDeploymentPostprocessing = 0;
		};
/* End PBXResourcesBuildPhase section */

/* Begin PBXSourcesBuildPhase section */
		9F73C4CB27362E9D0095A979 /* Sources */ = {
			isa = PBXSourcesBuildPhase;
			buildActionMask = 2147483647;
			files = (
				9F73C4F227362E9D0095A979 /* ContactCardsApp.swift in Sources */,
				9F73C4F627362E9D0095A979 /* PersistenceController.swift in Sources */,
				9F1EE75F273E1EEA00A7D02C /* CardEditorView.swift in Sources */,
				9F4C9B842736E4EB00936EF3 /* LoadPersistentContainer.swift in Sources */,
				9F015C2327398E1F00319A94 /* CardRow.swift in Sources */,
				9F1EE762273E230D00A7D02C /* CardEditorTitle.swift in Sources */,
				9F3C1A362736FF2400B43CB8 /* ContactCardMO.swift in Sources */,
				9F3C1A3B2737055700B43CB8 /* ContactCards.xcdatamodeld in Sources */,
				9F73C4F427362E9D0095A979 /* ContentView.swift in Sources */,
				9FA54105273D9D6F005B9B72 /* AddOrEditCardSheet.swift in Sources */,
			);
			runOnlyForDeploymentPostprocessing = 0;
		};
		9F73C4D127362E9D0095A979 /* Sources */ = {
			isa = PBXSourcesBuildPhase;
			buildActionMask = 2147483647;
			files = (
				9F73C4F327362E9D0095A979 /* ContactCardsApp.swift in Sources */,
				9F73C4F727362E9D0095A979 /* PersistenceController.swift in Sources */,
				9F1EE760273E1EEA00A7D02C /* CardEditorView.swift in Sources */,
				9F4C9B852736E4EB00936EF3 /* LoadPersistentContainer.swift in Sources */,
				9F015C2427398E1F00319A94 /* CardRow.swift in Sources */,
				9F1EE763273E230D00A7D02C /* CardEditorTitle.swift in Sources */,
				9F3C1A372736FF2400B43CB8 /* ContactCardMO.swift in Sources */,
				9F3C1A3C2737055700B43CB8 /* ContactCards.xcdatamodeld in Sources */,
				9F73C4F527362E9D0095A979 /* ContentView.swift in Sources */,
				9FA54106273D9D6F005B9B72 /* AddOrEditCardSheet.swift in Sources */,
			);
			runOnlyForDeploymentPostprocessing = 0;
		};
		9F73C4D827362E9D0095A979 /* Sources */ = {
			isa = PBXSourcesBuildPhase;
			buildActionMask = 2147483647;
			files = (
				9F73C4E327362E9D0095A979 /* Tests_iOSLaunchTests.swift in Sources */,
				9F73C4E127362E9D0095A979 /* Tests_iOS.swift in Sources */,
			);
			runOnlyForDeploymentPostprocessing = 0;
		};
		9F73C4E427362E9D0095A979 /* Sources */ = {
			isa = PBXSourcesBuildPhase;
			buildActionMask = 2147483647;
			files = (
				9F73C4EF27362E9D0095A979 /* Tests_macOSLaunchTests.swift in Sources */,
				9F73C4ED27362E9D0095A979 /* Tests_macOS.swift in Sources */,
			);
			runOnlyForDeploymentPostprocessing = 0;
		};
/* End PBXSourcesBuildPhase section */

/* Begin PBXTargetDependency section */
		9F73C4DE27362E9D0095A979 /* PBXTargetDependency */ = {
			isa = PBXTargetDependency;
			target = 9F73C4CE27362E9D0095A979 /* Contact Cards (iOS) */;
			targetProxy = 9F73C4DD27362E9D0095A979 /* PBXContainerItemProxy */;
		};
		9F73C4EA27362E9D0095A979 /* PBXTargetDependency */ = {
			isa = PBXTargetDependency;
			target = 9F73C4D427362E9D0095A979 /* Contact Cards (macOS) */;
			targetProxy = 9F73C4E927362E9D0095A979 /* PBXContainerItemProxy */;
		};
/* End PBXTargetDependency section */

/* Begin XCBuildConfiguration section */
		9F73C4FA27362E9D0095A979 /* Debug */ = {
			isa = XCBuildConfiguration;
			buildSettings = {
				ALWAYS_SEARCH_USER_PATHS = NO;
				CLANG_ANALYZER_NONNULL = YES;
				CLANG_ANALYZER_NUMBER_OBJECT_CONVERSION = YES_AGGRESSIVE;
				CLANG_CXX_LANGUAGE_STANDARD = "gnu++17";
				CLANG_CXX_LIBRARY = "libc++";
				CLANG_ENABLE_MODULES = YES;
				CLANG_ENABLE_OBJC_ARC = YES;
				CLANG_ENABLE_OBJC_WEAK = YES;
				CLANG_WARN_BLOCK_CAPTURE_AUTORELEASING = YES;
				CLANG_WARN_BOOL_CONVERSION = YES;
				CLANG_WARN_COMMA = YES;
				CLANG_WARN_CONSTANT_CONVERSION = YES;
				CLANG_WARN_DEPRECATED_OBJC_IMPLEMENTATIONS = YES;
				CLANG_WARN_DIRECT_OBJC_ISA_USAGE = YES_ERROR;
				CLANG_WARN_DOCUMENTATION_COMMENTS = YES;
				CLANG_WARN_EMPTY_BODY = YES;
				CLANG_WARN_ENUM_CONVERSION = YES;
				CLANG_WARN_INFINITE_RECURSION = YES;
				CLANG_WARN_INT_CONVERSION = YES;
				CLANG_WARN_NON_LITERAL_NULL_CONVERSION = YES;
				CLANG_WARN_OBJC_IMPLICIT_RETAIN_SELF = YES;
				CLANG_WARN_OBJC_LITERAL_CONVERSION = YES;
				CLANG_WARN_OBJC_ROOT_CLASS = YES_ERROR;
				CLANG_WARN_QUOTED_INCLUDE_IN_FRAMEWORK_HEADER = YES;
				CLANG_WARN_RANGE_LOOP_ANALYSIS = YES;
				CLANG_WARN_STRICT_PROTOTYPES = YES;
				CLANG_WARN_SUSPICIOUS_MOVE = YES;
				CLANG_WARN_UNGUARDED_AVAILABILITY = YES_AGGRESSIVE;
				CLANG_WARN_UNREACHABLE_CODE = YES;
				CLANG_WARN__DUPLICATE_METHOD_MATCH = YES;
				COPY_PHASE_STRIP = NO;
				DEBUG_INFORMATION_FORMAT = dwarf;
				ENABLE_STRICT_OBJC_MSGSEND = YES;
				ENABLE_TESTABILITY = YES;
				GCC_C_LANGUAGE_STANDARD = gnu11;
				GCC_DYNAMIC_NO_PIC = NO;
				GCC_NO_COMMON_BLOCKS = YES;
				GCC_OPTIMIZATION_LEVEL = 0;
				GCC_PREPROCESSOR_DEFINITIONS = (
					"DEBUG=1",
					"$(inherited)",
				);
				GCC_WARN_64_TO_32_BIT_CONVERSION = YES;
				GCC_WARN_ABOUT_RETURN_TYPE = YES_ERROR;
				GCC_WARN_UNDECLARED_SELECTOR = YES;
				GCC_WARN_UNINITIALIZED_AUTOS = YES_AGGRESSIVE;
				GCC_WARN_UNUSED_FUNCTION = YES;
				GCC_WARN_UNUSED_VARIABLE = YES;
				IPHONEOS_DEPLOYMENT_TARGET = 14;
				MACOSX_DEPLOYMENT_TARGET = 11;
				MTL_ENABLE_DEBUG_INFO = INCLUDE_SOURCE;
				MTL_FAST_MATH = YES;
				ONLY_ACTIVE_ARCH = YES;
				SWIFT_ACTIVE_COMPILATION_CONDITIONS = DEBUG;
				SWIFT_OPTIMIZATION_LEVEL = "-Onone";
			};
			name = Debug;
		};
		9F73C4FB27362E9D0095A979 /* Release */ = {
			isa = XCBuildConfiguration;
			buildSettings = {
				ALWAYS_SEARCH_USER_PATHS = NO;
				CLANG_ANALYZER_NONNULL = YES;
				CLANG_ANALYZER_NUMBER_OBJECT_CONVERSION = YES_AGGRESSIVE;
				CLANG_CXX_LANGUAGE_STANDARD = "gnu++17";
				CLANG_CXX_LIBRARY = "libc++";
				CLANG_ENABLE_MODULES = YES;
				CLANG_ENABLE_OBJC_ARC = YES;
				CLANG_ENABLE_OBJC_WEAK = YES;
				CLANG_WARN_BLOCK_CAPTURE_AUTORELEASING = YES;
				CLANG_WARN_BOOL_CONVERSION = YES;
				CLANG_WARN_COMMA = YES;
				CLANG_WARN_CONSTANT_CONVERSION = YES;
				CLANG_WARN_DEPRECATED_OBJC_IMPLEMENTATIONS = YES;
				CLANG_WARN_DIRECT_OBJC_ISA_USAGE = YES_ERROR;
				CLANG_WARN_DOCUMENTATION_COMMENTS = YES;
				CLANG_WARN_EMPTY_BODY = YES;
				CLANG_WARN_ENUM_CONVERSION = YES;
				CLANG_WARN_INFINITE_RECURSION = YES;
				CLANG_WARN_INT_CONVERSION = YES;
				CLANG_WARN_NON_LITERAL_NULL_CONVERSION = YES;
				CLANG_WARN_OBJC_IMPLICIT_RETAIN_SELF = YES;
				CLANG_WARN_OBJC_LITERAL_CONVERSION = YES;
				CLANG_WARN_OBJC_ROOT_CLASS = YES_ERROR;
				CLANG_WARN_QUOTED_INCLUDE_IN_FRAMEWORK_HEADER = YES;
				CLANG_WARN_RANGE_LOOP_ANALYSIS = YES;
				CLANG_WARN_STRICT_PROTOTYPES = YES;
				CLANG_WARN_SUSPICIOUS_MOVE = YES;
				CLANG_WARN_UNGUARDED_AVAILABILITY = YES_AGGRESSIVE;
				CLANG_WARN_UNREACHABLE_CODE = YES;
				CLANG_WARN__DUPLICATE_METHOD_MATCH = YES;
				COPY_PHASE_STRIP = NO;
				DEBUG_INFORMATION_FORMAT = "dwarf-with-dsym";
				ENABLE_NS_ASSERTIONS = NO;
				ENABLE_STRICT_OBJC_MSGSEND = YES;
				GCC_C_LANGUAGE_STANDARD = gnu11;
				GCC_NO_COMMON_BLOCKS = YES;
				GCC_WARN_64_TO_32_BIT_CONVERSION = YES;
				GCC_WARN_ABOUT_RETURN_TYPE = YES_ERROR;
				GCC_WARN_UNDECLARED_SELECTOR = YES;
				GCC_WARN_UNINITIALIZED_AUTOS = YES_AGGRESSIVE;
				GCC_WARN_UNUSED_FUNCTION = YES;
				GCC_WARN_UNUSED_VARIABLE = YES;
				IPHONEOS_DEPLOYMENT_TARGET = 14;
				MACOSX_DEPLOYMENT_TARGET = 11;
				MTL_ENABLE_DEBUG_INFO = NO;
				MTL_FAST_MATH = YES;
				SWIFT_COMPILATION_MODE = wholemodule;
				SWIFT_OPTIMIZATION_LEVEL = "-O";
			};
			name = Release;
		};
		9F73C4FD27362E9D0095A979 /* Debug */ = {
			isa = XCBuildConfiguration;
			buildSettings = {
				ASSETCATALOG_COMPILER_APPICON_NAME = AppIcon;
				ASSETCATALOG_COMPILER_GLOBAL_ACCENT_COLOR_NAME = AccentColor;
				CODE_SIGN_ENTITLEMENTS = "Contact Cards (iOS)Debug.entitlements";
				CODE_SIGN_STYLE = Automatic;
				CURRENT_PROJECT_VERSION = 1;
				DEVELOPMENT_TEAM = 8ZAMGA7E3H;
				ENABLE_PREVIEWS = YES;
				GENERATE_INFOPLIST_FILE = YES;
				INFOPLIST_FILE = "Contact-Cards--iOS--Info.plist";
				INFOPLIST_KEY_CFBundleDisplayName = "Contact Cards";
				INFOPLIST_KEY_NSHumanReadableCopyright = "Copyright © 2020-2021 Matt Roberts. All rights reserved.";
				INFOPLIST_KEY_UIApplicationSupportsIndirectInputEvents = YES;
				INFOPLIST_KEY_UILaunchScreen_Generation = YES;
				INFOPLIST_KEY_UILaunchStoryboardName = LaunchScreen;
				INFOPLIST_KEY_UISupportedInterfaceOrientations = "UIInterfaceOrientationPortrait UIInterfaceOrientationPortraitUpsideDown UIInterfaceOrientationLandscapeLeft UIInterfaceOrientationLandscapeRight";
				INFOPLIST_KEY_UISupportedInterfaceOrientations_iPad = "UIInterfaceOrientationPortrait UIInterfaceOrientationPortraitUpsideDown UIInterfaceOrientationLandscapeLeft UIInterfaceOrientationLandscapeRight";
				INFOPLIST_KEY_UISupportedInterfaceOrientations_iPhone = "UIInterfaceOrientationPortrait UIInterfaceOrientationLandscapeLeft UIInterfaceOrientationLandscapeRight";
				IPHONEOS_DEPLOYMENT_TARGET = 15.0;
				LD_RUNPATH_SEARCH_PATHS = (
					"$(inherited)",
					"@executable_path/Frameworks",
				);
				MARKETING_VERSION = 1.0;
				PRODUCT_BUNDLE_IDENTIFIER = com.apps.celeritas.contact.cards;
				PRODUCT_NAME = "Contact Cards";
				SDKROOT = iphoneos;
				SWIFT_EMIT_LOC_STRINGS = YES;
				SWIFT_VERSION = 5.0;
				TARGETED_DEVICE_FAMILY = "1,2";
			};
			name = Debug;
		};
		9F73C4FE27362E9D0095A979 /* Release */ = {
			isa = XCBuildConfiguration;
			buildSettings = {
				ASSETCATALOG_COMPILER_APPICON_NAME = AppIcon;
				ASSETCATALOG_COMPILER_GLOBAL_ACCENT_COLOR_NAME = AccentColor;
				CODE_SIGN_ENTITLEMENTS = "Contact Cards (iOS)Release.entitlements";
				CODE_SIGN_STYLE = Automatic;
				CURRENT_PROJECT_VERSION = 1;
				DEVELOPMENT_TEAM = 8ZAMGA7E3H;
				ENABLE_PREVIEWS = YES;
				GENERATE_INFOPLIST_FILE = YES;
				INFOPLIST_FILE = "Contact-Cards--iOS--Info.plist";
				INFOPLIST_KEY_CFBundleDisplayName = "Contact Cards";
				INFOPLIST_KEY_NSHumanReadableCopyright = "Copyright © 2020-2021 Matt Roberts. All rights reserved.";
				INFOPLIST_KEY_UIApplicationSupportsIndirectInputEvents = YES;
				INFOPLIST_KEY_UILaunchScreen_Generation = YES;
				INFOPLIST_KEY_UILaunchStoryboardName = LaunchScreen;
				INFOPLIST_KEY_UISupportedInterfaceOrientations = "UIInterfaceOrientationPortrait UIInterfaceOrientationPortraitUpsideDown UIInterfaceOrientationLandscapeLeft UIInterfaceOrientationLandscapeRight";
				INFOPLIST_KEY_UISupportedInterfaceOrientations_iPad = "UIInterfaceOrientationPortrait UIInterfaceOrientationPortraitUpsideDown UIInterfaceOrientationLandscapeLeft UIInterfaceOrientationLandscapeRight";
				INFOPLIST_KEY_UISupportedInterfaceOrientations_iPhone = "UIInterfaceOrientationPortrait UIInterfaceOrientationLandscapeLeft UIInterfaceOrientationLandscapeRight";
				IPHONEOS_DEPLOYMENT_TARGET = 15.0;
				LD_RUNPATH_SEARCH_PATHS = (
					"$(inherited)",
					"@executable_path/Frameworks",
				);
				MARKETING_VERSION = 1.0;
				PRODUCT_BUNDLE_IDENTIFIER = com.apps.celeritas.contact.cards;
				PRODUCT_NAME = "Contact Cards";
				SDKROOT = iphoneos;
				SWIFT_EMIT_LOC_STRINGS = YES;
				SWIFT_VERSION = 5.0;
				TARGETED_DEVICE_FAMILY = "1,2";
				VALIDATE_PRODUCT = YES;
			};
			name = Release;
		};
		9F73C50027362E9D0095A979 /* Debug */ = {
			isa = XCBuildConfiguration;
			buildSettings = {
				ASSETCATALOG_COMPILER_APPICON_NAME = AppIcon;
				ASSETCATALOG_COMPILER_GLOBAL_ACCENT_COLOR_NAME = AccentColor;
				CODE_SIGN_ENTITLEMENTS = macOS/macOS.entitlements;
				CODE_SIGN_IDENTITY = "Apple Development";
				CODE_SIGN_STYLE = Automatic;
				COMBINE_HIDPI_IMAGES = YES;
				CURRENT_PROJECT_VERSION = 1;
				DEVELOPMENT_TEAM = 8ZAMGA7E3H;
				ENABLE_HARDENED_RUNTIME = YES;
				ENABLE_PREVIEWS = YES;
				GENERATE_INFOPLIST_FILE = YES;
				INFOPLIST_KEY_NSHumanReadableCopyright = "Copyright © 2020-2021 Matt Roberts. All rights reserved.";
				LD_RUNPATH_SEARCH_PATHS = (
					"$(inherited)",
					"@executable_path/../Frameworks",
				);
				MACOSX_DEPLOYMENT_TARGET = 11.6;
				MARKETING_VERSION = 1.0;
				PRODUCT_BUNDLE_IDENTIFIER = com.apps.celeritas.contact.cards;
				PRODUCT_NAME = "Contact Cards";
				SDKROOT = macosx;
				SWIFT_EMIT_LOC_STRINGS = YES;
				SWIFT_VERSION = 5.0;
			};
			name = Debug;
		};
		9F73C50127362E9D0095A979 /* Release */ = {
			isa = XCBuildConfiguration;
			buildSettings = {
				ASSETCATALOG_COMPILER_APPICON_NAME = AppIcon;
				ASSETCATALOG_COMPILER_GLOBAL_ACCENT_COLOR_NAME = AccentColor;
				CODE_SIGN_ENTITLEMENTS = "Contact Cards (macOS)Release.entitlements";
				CODE_SIGN_STYLE = Automatic;
				COMBINE_HIDPI_IMAGES = YES;
				CURRENT_PROJECT_VERSION = 1;
				DEVELOPMENT_TEAM = 8ZAMGA7E3H;
				ENABLE_HARDENED_RUNTIME = YES;
				ENABLE_PREVIEWS = YES;
				GENERATE_INFOPLIST_FILE = YES;
				INFOPLIST_KEY_NSHumanReadableCopyright = "Copyright © 2020-2021 Matt Roberts. All rights reserved.";
				LD_RUNPATH_SEARCH_PATHS = (
					"$(inherited)",
					"@executable_path/../Frameworks",
				);
				MACOSX_DEPLOYMENT_TARGET = 11.6;
				MARKETING_VERSION = 1.0;
				PRODUCT_BUNDLE_IDENTIFIER = com.apps.celeritas.contact.cards;
				PRODUCT_NAME = "Contact Cards";
				SDKROOT = macosx;
				SWIFT_EMIT_LOC_STRINGS = YES;
				SWIFT_VERSION = 5.0;
			};
			name = Release;
		};
		9F73C50327362E9D0095A979 /* Debug */ = {
			isa = XCBuildConfiguration;
			buildSettings = {
				ALWAYS_EMBED_SWIFT_STANDARD_LIBRARIES = YES;
				CODE_SIGN_STYLE = Automatic;
				CURRENT_PROJECT_VERSION = 1;
				DEVELOPMENT_TEAM = 8ZAMGA7E3H;
				GENERATE_INFOPLIST_FILE = YES;
				IPHONEOS_DEPLOYMENT_TARGET = 15.0;
				LD_RUNPATH_SEARCH_PATHS = (
					"$(inherited)",
					"@executable_path/Frameworks",
					"@loader_path/Frameworks",
				);
				MARKETING_VERSION = 1.0;
				PRODUCT_BUNDLE_IDENTIFIER = "com.apps.celeritas.Tests-iOS";
				PRODUCT_NAME = "$(TARGET_NAME)";
				SDKROOT = iphoneos;
				SWIFT_EMIT_LOC_STRINGS = NO;
				SWIFT_VERSION = 5.0;
				TARGETED_DEVICE_FAMILY = "1,2";
				TEST_TARGET_NAME = "Contact Cards (iOS)";
			};
			name = Debug;
		};
		9F73C50427362E9D0095A979 /* Release */ = {
			isa = XCBuildConfiguration;
			buildSettings = {
				ALWAYS_EMBED_SWIFT_STANDARD_LIBRARIES = YES;
				CODE_SIGN_STYLE = Automatic;
				CURRENT_PROJECT_VERSION = 1;
				DEVELOPMENT_TEAM = 8ZAMGA7E3H;
				GENERATE_INFOPLIST_FILE = YES;
				IPHONEOS_DEPLOYMENT_TARGET = 15.0;
				LD_RUNPATH_SEARCH_PATHS = (
					"$(inherited)",
					"@executable_path/Frameworks",
					"@loader_path/Frameworks",
				);
				MARKETING_VERSION = 1.0;
				PRODUCT_BUNDLE_IDENTIFIER = "com.apps.celeritas.Tests-iOS";
				PRODUCT_NAME = "$(TARGET_NAME)";
				SDKROOT = iphoneos;
				SWIFT_EMIT_LOC_STRINGS = NO;
				SWIFT_VERSION = 5.0;
				TARGETED_DEVICE_FAMILY = "1,2";
				TEST_TARGET_NAME = "Contact Cards (iOS)";
				VALIDATE_PRODUCT = YES;
			};
			name = Release;
		};
		9F73C50627362E9D0095A979 /* Debug */ = {
			isa = XCBuildConfiguration;
			buildSettings = {
				ALWAYS_EMBED_SWIFT_STANDARD_LIBRARIES = YES;
				CODE_SIGN_STYLE = Automatic;
				COMBINE_HIDPI_IMAGES = YES;
				CURRENT_PROJECT_VERSION = 1;
				DEVELOPMENT_TEAM = 8ZAMGA7E3H;
				GENERATE_INFOPLIST_FILE = YES;
				LD_RUNPATH_SEARCH_PATHS = (
					"$(inherited)",
					"@executable_path/../Frameworks",
					"@loader_path/../Frameworks",
				);
				MACOSX_DEPLOYMENT_TARGET = 11.6;
				MARKETING_VERSION = 1.0;
				PRODUCT_BUNDLE_IDENTIFIER = "com.apps.celeritas.Tests-macOS";
				PRODUCT_NAME = "$(TARGET_NAME)";
				SDKROOT = macosx;
				SWIFT_EMIT_LOC_STRINGS = NO;
				SWIFT_VERSION = 5.0;
				TEST_TARGET_NAME = "Contact Cards (macOS)";
			};
			name = Debug;
		};
		9F73C50727362E9D0095A979 /* Release */ = {
			isa = XCBuildConfiguration;
			buildSettings = {
				ALWAYS_EMBED_SWIFT_STANDARD_LIBRARIES = YES;
				CODE_SIGN_STYLE = Automatic;
				COMBINE_HIDPI_IMAGES = YES;
				CURRENT_PROJECT_VERSION = 1;
				DEVELOPMENT_TEAM = 8ZAMGA7E3H;
				GENERATE_INFOPLIST_FILE = YES;
				LD_RUNPATH_SEARCH_PATHS = (
					"$(inherited)",
					"@executable_path/../Frameworks",
					"@loader_path/../Frameworks",
				);
				MACOSX_DEPLOYMENT_TARGET = 11.6;
				MARKETING_VERSION = 1.0;
				PRODUCT_BUNDLE_IDENTIFIER = "com.apps.celeritas.Tests-macOS";
				PRODUCT_NAME = "$(TARGET_NAME)";
				SDKROOT = macosx;
				SWIFT_EMIT_LOC_STRINGS = NO;
				SWIFT_VERSION = 5.0;
				TEST_TARGET_NAME = "Contact Cards (macOS)";
			};
			name = Release;
		};
/* End XCBuildConfiguration section */

/* Begin XCConfigurationList section */
		9F73C4C327362E9A0095A979 /* Build configuration list for PBXProject "Contact Cards" */ = {
			isa = XCConfigurationList;
			buildConfigurations = (
				9F73C4FA27362E9D0095A979 /* Debug */,
				9F73C4FB27362E9D0095A979 /* Release */,
			);
			defaultConfigurationIsVisible = 0;
			defaultConfigurationName = Release;
		};
		9F73C4FC27362E9D0095A979 /* Build configuration list for PBXNativeTarget "Contact Cards (iOS)" */ = {
			isa = XCConfigurationList;
			buildConfigurations = (
				9F73C4FD27362E9D0095A979 /* Debug */,
				9F73C4FE27362E9D0095A979 /* Release */,
			);
			defaultConfigurationIsVisible = 0;
			defaultConfigurationName = Release;
		};
		9F73C4FF27362E9D0095A979 /* Build configuration list for PBXNativeTarget "Contact Cards (macOS)" */ = {
			isa = XCConfigurationList;
			buildConfigurations = (
				9F73C50027362E9D0095A979 /* Debug */,
				9F73C50127362E9D0095A979 /* Release */,
			);
			defaultConfigurationIsVisible = 0;
			defaultConfigurationName = Release;
		};
		9F73C50227362E9D0095A979 /* Build configuration list for PBXNativeTarget "Tests iOS" */ = {
			isa = XCConfigurationList;
			buildConfigurations = (
				9F73C50327362E9D0095A979 /* Debug */,
				9F73C50427362E9D0095A979 /* Release */,
			);
			defaultConfigurationIsVisible = 0;
			defaultConfigurationName = Release;
		};
		9F73C50527362E9D0095A979 /* Build configuration list for PBXNativeTarget "Tests macOS" */ = {
			isa = XCConfigurationList;
			buildConfigurations = (
				9F73C50627362E9D0095A979 /* Debug */,
				9F73C50727362E9D0095A979 /* Release */,
			);
			defaultConfigurationIsVisible = 0;
			defaultConfigurationName = Release;
		};
/* End XCConfigurationList section */

/* Begin XCVersionGroup section */
		9F3C1A382737055700B43CB8 /* ContactCards.xcdatamodeld */ = {
			isa = XCVersionGroup;
			children = (
				9F2A262B27372305009A2EE0 /* ContactCards 3.xcdatamodel */,
				9F3C1A392737055700B43CB8 /* ContactCards 2.xcdatamodel */,
				9F3C1A3A2737055700B43CB8 /* ContactCards.xcdatamodel */,
			);
			currentVersion = 9F3C1A392737055700B43CB8 /* ContactCards 2.xcdatamodel */;
			path = ContactCards.xcdatamodeld;
			sourceTree = "<group>";
			versionGroupType = wrapper.xcdatamodel;
		};
/* End XCVersionGroup section */
	};
	rootObject = 9F73C4C027362E9A0095A979 /* Project object */;
}
